
Microsoft Visual Studio Solution File, Format Version 12.00
# Visual Studio Version 17
VisualStudioVersion = 17.5.002.0
MinimumVisualStudioVersion = 10.0.40219.1
Project("{9A19103F-16F7-4668-BE54-9A1E7A4F7556}") = "apibookstore", "apibookstore.csproj", "{EBB0B2FA-56FA-46B2-A599-6B57DE572675}"
EndProject
Global
	GlobalSection(SolutionConfigurationPlatforms) = preSolution
		Debug|Any CPU = Debug|Any CPU
		Release|Any CPU = Release|Any CPU
	EndGlobalSection
	GlobalSection(ProjectConfigurationPlatforms) = postSolution
		{EBB0B2FA-56FA-46B2-A599-6B57DE572675}.Debug|Any CPU.ActiveCfg = Debug|Any CPU
		{EBB0B2FA-56FA-46B2-A599-6B57DE572675}.Debug|Any CPU.Build.0 = Debug|Any CPU
		{EBB0B2FA-56FA-46B2-A599-6B57DE572675}.Release|Any CPU.ActiveCfg = Release|Any CPU
		{EBB0B2FA-56FA-46B2-A599-6B57DE572675}.Release|Any CPU.Build.0 = Release|Any CPU
	EndGlobalSection
	GlobalSection(SolutionProperties) = preSolution
		HideSolutionNode = FALSE
	EndGlobalSection
	GlobalSection(ExtensibilityGlobals) = postSolution
		SolutionGuid = {545161D0-41B5-4862-BEE9-18BBB034867D}
	EndGlobalSection
EndGlobal
